
Microsoft Visual Studio Solution File, Format Version 12.00
# Visual Studio Version 17
VisualStudioVersion = 17.9.34728.123
MinimumVisualStudioVersion = 10.0.40219.1
Project("{2150E333-8FDC-42A3-9474-1A3956D46DE8}") = "src", "src", "{AE76790A-E585-4501-8B91-6E6840A5D459}"
EndProject
Project("{2150E333-8FDC-42A3-9474-1A3956D46DE8}") = "Solution Items", "Solution Items", "{4308DEF7-88C4-41F2-8AD8-C82918F759A9}"
	ProjectSection(SolutionItems) = preProject
		ServiceUrls.txt = ServiceUrls.txt
	EndProjectSection
EndProject
Project("{2150E333-8FDC-42A3-9474-1A3956D46DE8}") = "ApiGateways", "ApiGateways", "{63365198-2C63-4725-8534-0E026D9F0212}"
EndProject
Project("{2150E333-8FDC-42A3-9474-1A3956D46DE8}") = "BuildingsBlocks", "BuildingsBlocks", "{E61A24EB-28AD-4398-AD99-AD938687D407}"
EndProject
Project("{2150E333-8FDC-42A3-9474-1A3956D46DE8}") = "Services", "Services", "{58709D7D-7B4A-46C3-A479-9F78B6044D32}"
EndProject
Project("{2150E333-8FDC-42A3-9474-1A3956D46DE8}") = "Clients", "Clients", "{797AFEA7-5059-4784-9109-F42B2DF80C42}"
EndProject
Project("{2150E333-8FDC-42A3-9474-1A3956D46DE8}") = "WebApiGateway", "WebApiGateway", "{560C0D55-5935-4E67-AA7E-D7C30FAC0CDB}"
EndProject
Project("{9A19103F-16F7-4668-BE54-9A1E7A4F7556}") = "Web.ApiGateway", "src\ApiGateways\WebApiGateway\Web.ApiGateway\Web.ApiGateway.csproj", "{97420248-CF40-4EF9-AC48-EFA725BECE4D}"
EndProject
Project("{2150E333-8FDC-42A3-9474-1A3956D46DE8}") = "EventBus", "EventBus", "{C30D0D03-27BB-48AD-AE6C-6B38FFE1B81A}"
EndProject
Project("{9A19103F-16F7-4668-BE54-9A1E7A4F7556}") = "EventBus.Base", "src\BuildingBlocks\EventBus\EventBus.Base\EventBus.Base.csproj", "{695C479F-0CD4-49CB-A8EF-4355C4F42804}"
EndProject
Project("{9A19103F-16F7-4668-BE54-9A1E7A4F7556}") = "EventBus.Factory", "src\BuildingBlocks\EventBus\EventBus.Factory\EventBus.Factory.csproj", "{FAF14401-B2C8-476C-A3C1-0892202022C2}"
EndProject
Project("{9A19103F-16F7-4668-BE54-9A1E7A4F7556}") = "EventBus.AzureServiceBus", "src\BuildingBlocks\EventBus\EventBus.AzureServiceBus\EventBus.AzureServiceBus.csproj", "{423E9305-16CD-4834-A7E5-2F637B69FA7F}"
EndProject
Project("{9A19103F-16F7-4668-BE54-9A1E7A4F7556}") = "EventBus.RabbitMQ", "src\BuildingBlocks\EventBus\EventBus.RabbitMQ\EventBus.RabbitMQ.csproj", "{AE61356B-77DF-4DC2-9BA6-435D5DE8A50B}"
EndProject
Project("{2150E333-8FDC-42A3-9474-1A3956D46DE8}") = "BlazorWebApp", "BlazorWebApp", "{3750F666-4F05-41D1-99FE-E3235C494153}"
EndProject
Project("{2150E333-8FDC-42A3-9474-1A3956D46DE8}") = "BasketService", "BasketService", "{A7A5008E-B260-428D-B138-391BE88A986C}"
EndProject
Project("{FAE04EC0-301F-11D3-BF4B-00C04F79EFBC}") = "BasketService.Api", "src\Services\BasketService\BasketService.Api\BasketService.Api.csproj", "{318F91F5-1A2F-40CF-BD85-01224A4CB3AA}"
EndProject
Project("{2150E333-8FDC-42A3-9474-1A3956D46DE8}") = "CatalogService", "CatalogService", "{CDBAAE51-0702-4448-8B5F-5DE4D8CC682E}"
EndProject
Project("{FAE04EC0-301F-11D3-BF4B-00C04F79EFBC}") = "CatalogService.Api", "src\Services\CatalogService\CatalogService.Api\CatalogService.Api.csproj", "{8F7291A6-3962-4919-AA9F-AA30ADBCEB15}"
EndProject
Project("{2150E333-8FDC-42A3-9474-1A3956D46DE8}") = "IdentityService", "IdentityService", "{B68E6821-729E-40CD-AA90-FDB6E3FEE5BB}"
EndProject
Project("{FAE04EC0-301F-11D3-BF4B-00C04F79EFBC}") = "IdentityService.Api", "src\Services\IdentityService\IdentityService.Api\IdentityService.Api.csproj", "{4396C36F-E389-4643-B92D-604D6CA886B2}"
EndProject
Project("{2150E333-8FDC-42A3-9474-1A3956D46DE8}") = "NotificationService", "NotificationService", "{A4F77856-437A-4C16-A45C-197E228A11EC}"
EndProject
Project("{FAE04EC0-301F-11D3-BF4B-00C04F79EFBC}") = "NotificationService", "src\Services\NotificationService\NotificationService\NotificationService.csproj", "{AA4E37BC-A1A5-452B-8F84-FB491942457F}"
EndProject
Project("{2150E333-8FDC-42A3-9474-1A3956D46DE8}") = "OrderService", "OrderService", "{BFA684AA-3EBB-411E-9C07-89C833EBA399}"
EndProject
Project("{FAE04EC0-301F-11D3-BF4B-00C04F79EFBC}") = "OrderService.Domain", "src\Services\OrderService\OrderService.Domain\OrderService.Domain.csproj", "{471E83F9-BD5C-4A1D-8547-198EC9D472C3}"
EndProject
Project("{FAE04EC0-301F-11D3-BF4B-00C04F79EFBC}") = "OrderService.Application", "src\Services\OrderService\OrderService.Application\OrderService.Application.csproj", "{C12F30CD-8B7B-4D96-8C8C-8A8D5C0B1E22}"
EndProject
Project("{FAE04EC0-301F-11D3-BF4B-00C04F79EFBC}") = "OrderService.Infrastructure", "src\Services\OrderService\OrderService.Infrastructure\OrderService.Infrastructure.csproj", "{45065056-FB7E-4220-8B34-352B1BF08CD3}"
EndProject
Project("{FAE04EC0-301F-11D3-BF4B-00C04F79EFBC}") = "OrderService.Api", "src\Services\OrderService\OrderService.Api\OrderService.Api.csproj", "{51276C55-7CEF-4C61-B4EA-4D0C6A49D86A}"
EndProject
Project("{2150E333-8FDC-42A3-9474-1A3956D46DE8}") = "PaymentService", "PaymentService", "{E9ACE67E-48D8-458B-B28D-ACABDB2D4243}"
EndProject
Project("{FAE04EC0-301F-11D3-BF4B-00C04F79EFBC}") = "PaymentService.Api", "src\Services\PaymentService\PaymentService.Api\PaymentService.Api.csproj", "{6E3159A0-D3AB-452D-BE83-E0441C6911EE}"
EndProject
Project("{FAE04EC0-301F-11D3-BF4B-00C04F79EFBC}") = "WebApp", "src\Clients\BlazorWebApp\WebApp\WebApp.csproj", "{C29CEDE2-E4C4-453F-A01C-4F7461274B5A}"
EndProject
Global
	GlobalSection(SolutionConfigurationPlatforms) = preSolution
		Debug|Any CPU = Debug|Any CPU
		Release|Any CPU = Release|Any CPU
	EndGlobalSection
	GlobalSection(ProjectConfigurationPlatforms) = postSolution
		{97420248-CF40-4EF9-AC48-EFA725BECE4D}.Debug|Any CPU.ActiveCfg = Debug|Any CPU
		{97420248-CF40-4EF9-AC48-EFA725BECE4D}.Debug|Any CPU.Build.0 = Debug|Any CPU
		{97420248-CF40-4EF9-AC48-EFA725BECE4D}.Release|Any CPU.ActiveCfg = Release|Any CPU
		{97420248-CF40-4EF9-AC48-EFA725BECE4D}.Release|Any CPU.Build.0 = Release|Any CPU
		{695C479F-0CD4-49CB-A8EF-4355C4F42804}.Debug|Any CPU.ActiveCfg = Debug|Any CPU
		{695C479F-0CD4-49CB-A8EF-4355C4F42804}.Debug|Any CPU.Build.0 = Debug|Any CPU
		{695C479F-0CD4-49CB-A8EF-4355C4F42804}.Release|Any CPU.ActiveCfg = Release|Any CPU
		{695C479F-0CD4-49CB-A8EF-4355C4F42804}.Release|Any CPU.Build.0 = Release|Any CPU
		{FAF14401-B2C8-476C-A3C1-0892202022C2}.Debug|Any CPU.ActiveCfg = Debug|Any CPU
		{FAF14401-B2C8-476C-A3C1-0892202022C2}.Debug|Any CPU.Build.0 = Debug|Any CPU
		{FAF14401-B2C8-476C-A3C1-0892202022C2}.Release|Any CPU.ActiveCfg = Release|Any CPU
		{FAF14401-B2C8-476C-A3C1-0892202022C2}.Release|Any CPU.Build.0 = Release|Any CPU
		{423E9305-16CD-4834-A7E5-2F637B69FA7F}.Debug|Any CPU.ActiveCfg = Debug|Any CPU
		{423E9305-16CD-4834-A7E5-2F637B69FA7F}.Debug|Any CPU.Build.0 = Debug|Any CPU
		{423E9305-16CD-4834-A7E5-2F637B69FA7F}.Release|Any CPU.ActiveCfg = Release|Any CPU
		{423E9305-16CD-4834-A7E5-2F637B69FA7F}.Release|Any CPU.Build.0 = Release|Any CPU
		{AE61356B-77DF-4DC2-9BA6-435D5DE8A50B}.Debug|Any CPU.ActiveCfg = Debug|Any CPU
		{AE61356B-77DF-4DC2-9BA6-435D5DE8A50B}.Debug|Any CPU.Build.0 = Debug|Any CPU
		{AE61356B-77DF-4DC2-9BA6-435D5DE8A50B}.Release|Any CPU.ActiveCfg = Release|Any CPU
		{AE61356B-77DF-4DC2-9BA6-435D5DE8A50B}.Release|Any CPU.Build.0 = Release|Any CPU
		{318F91F5-1A2F-40CF-BD85-01224A4CB3AA}.Debug|Any CPU.ActiveCfg = Debug|Any CPU
		{318F91F5-1A2F-40CF-BD85-01224A4CB3AA}.Debug|Any CPU.Build.0 = Debug|Any CPU
		{318F91F5-1A2F-40CF-BD85-01224A4CB3AA}.Release|Any CPU.ActiveCfg = Release|Any CPU
		{318F91F5-1A2F-40CF-BD85-01224A4CB3AA}.Release|Any CPU.Build.0 = Release|Any CPU
		{8F7291A6-3962-4919-AA9F-AA30ADBCEB15}.Debug|Any CPU.ActiveCfg = Debug|Any CPU
		{8F7291A6-3962-4919-AA9F-AA30ADBCEB15}.Debug|Any CPU.Build.0 = Debug|Any CPU
		{8F7291A6-3962-4919-AA9F-AA30ADBCEB15}.Release|Any CPU.ActiveCfg = Release|Any CPU
		{8F7291A6-3962-4919-AA9F-AA30ADBCEB15}.Release|Any CPU.Build.0 = Release|Any CPU
		{4396C36F-E389-4643-B92D-604D6CA886B2}.Debug|Any CPU.ActiveCfg = Debug|Any CPU
		{4396C36F-E389-4643-B92D-604D6CA886B2}.Debug|Any CPU.Build.0 = Debug|Any CPU
		{4396C36F-E389-4643-B92D-604D6CA886B2}.Release|Any CPU.ActiveCfg = Release|Any CPU
		{4396C36F-E389-4643-B92D-604D6CA886B2}.Release|Any CPU.Build.0 = Release|Any CPU
		{AA4E37BC-A1A5-452B-8F84-FB491942457F}.Debug|Any CPU.ActiveCfg = Debug|Any CPU
		{AA4E37BC-A1A5-452B-8F84-FB491942457F}.Debug|Any CPU.Build.0 = Debug|Any CPU
		{AA4E37BC-A1A5-452B-8F84-FB491942457F}.Release|Any CPU.ActiveCfg = Release|Any CPU
		{AA4E37BC-A1A5-452B-8F84-FB491942457F}.Release|Any CPU.Build.0 = Release|Any CPU
		{471E83F9-BD5C-4A1D-8547-198EC9D472C3}.Debug|Any CPU.ActiveCfg = Debug|Any CPU
		{471E83F9-BD5C-4A1D-8547-198EC9D472C3}.Debug|Any CPU.Build.0 = Debug|Any CPU
		{471E83F9-BD5C-4A1D-8547-198EC9D472C3}.Release|Any CPU.ActiveCfg = Release|Any CPU
		{471E83F9-BD5C-4A1D-8547-198EC9D472C3}.Release|Any CPU.Build.0 = Release|Any CPU
		{C12F30CD-8B7B-4D96-8C8C-8A8D5C0B1E22}.Debug|Any CPU.ActiveCfg = Debug|Any CPU
		{C12F30CD-8B7B-4D96-8C8C-8A8D5C0B1E22}.Debug|Any CPU.Build.0 = Debug|Any CPU
		{C12F30CD-8B7B-4D96-8C8C-8A8D5C0B1E22}.Release|Any CPU.ActiveCfg = Release|Any CPU
		{C12F30CD-8B7B-4D96-8C8C-8A8D5C0B1E22}.Release|Any CPU.Build.0 = Release|Any CPU
		{45065056-FB7E-4220-8B34-352B1BF08CD3}.Debug|Any CPU.ActiveCfg = Debug|Any CPU
		{45065056-FB7E-4220-8B34-352B1BF08CD3}.Debug|Any CPU.Build.0 = Debug|Any CPU
		{45065056-FB7E-4220-8B34-352B1BF08CD3}.Release|Any CPU.ActiveCfg = Release|Any CPU
		{45065056-FB7E-4220-8B34-352B1BF08CD3}.Release|Any CPU.Build.0 = Release|Any CPU
		{51276C55-7CEF-4C61-B4EA-4D0C6A49D86A}.Debug|Any CPU.ActiveCfg = Debug|Any CPU
		{51276C55-7CEF-4C61-B4EA-4D0C6A49D86A}.Debug|Any CPU.Build.0 = Debug|Any CPU
		{51276C55-7CEF-4C61-B4EA-4D0C6A49D86A}.Release|Any CPU.ActiveCfg = Release|Any CPU
		{51276C55-7CEF-4C61-B4EA-4D0C6A49D86A}.Release|Any CPU.Build.0 = Release|Any CPU
		{6E3159A0-D3AB-452D-BE83-E0441C6911EE}.Debug|Any CPU.ActiveCfg = Debug|Any CPU
		{6E3159A0-D3AB-452D-BE83-E0441C6911EE}.Debug|Any CPU.Build.0 = Debug|Any CPU
		{6E3159A0-D3AB-452D-BE83-E0441C6911EE}.Release|Any CPU.ActiveCfg = Release|Any CPU
		{6E3159A0-D3AB-452D-BE83-E0441C6911EE}.Release|Any CPU.Build.0 = Release|Any CPU
		{C29CEDE2-E4C4-453F-A01C-4F7461274B5A}.Debug|Any CPU.ActiveCfg = Debug|Any CPU
		{C29CEDE2-E4C4-453F-A01C-4F7461274B5A}.Debug|Any CPU.Build.0 = Debug|Any CPU
		{C29CEDE2-E4C4-453F-A01C-4F7461274B5A}.Release|Any CPU.ActiveCfg = Release|Any CPU
		{C29CEDE2-E4C4-453F-A01C-4F7461274B5A}.Release|Any CPU.Build.0 = Release|Any CPU
	EndGlobalSection
	GlobalSection(SolutionProperties) = preSolution
		HideSolutionNode = FALSE
	EndGlobalSection
	GlobalSection(NestedProjects) = preSolution
		{63365198-2C63-4725-8534-0E026D9F0212} = {AE76790A-E585-4501-8B91-6E6840A5D459}
		{E61A24EB-28AD-4398-AD99-AD938687D407} = {AE76790A-E585-4501-8B91-6E6840A5D459}
		{58709D7D-7B4A-46C3-A479-9F78B6044D32} = {AE76790A-E585-4501-8B91-6E6840A5D459}
		{797AFEA7-5059-4784-9109-F42B2DF80C42} = {AE76790A-E585-4501-8B91-6E6840A5D459}
		{560C0D55-5935-4E67-AA7E-D7C30FAC0CDB} = {63365198-2C63-4725-8534-0E026D9F0212}
		{97420248-CF40-4EF9-AC48-EFA725BECE4D} = {560C0D55-5935-4E67-AA7E-D7C30FAC0CDB}
		{C30D0D03-27BB-48AD-AE6C-6B38FFE1B81A} = {E61A24EB-28AD-4398-AD99-AD938687D407}
		{695C479F-0CD4-49CB-A8EF-4355C4F42804} = {C30D0D03-27BB-48AD-AE6C-6B38FFE1B81A}
		{FAF14401-B2C8-476C-A3C1-0892202022C2} = {C30D0D03-27BB-48AD-AE6C-6B38FFE1B81A}
		{423E9305-16CD-4834-A7E5-2F637B69FA7F} = {C30D0D03-27BB-48AD-AE6C-6B38FFE1B81A}
		{AE61356B-77DF-4DC2-9BA6-435D5DE8A50B} = {C30D0D03-27BB-48AD-AE6C-6B38FFE1B81A}
		{3750F666-4F05-41D1-99FE-E3235C494153} = {797AFEA7-5059-4784-9109-F42B2DF80C42}
		{A7A5008E-B260-428D-B138-391BE88A986C} = {58709D7D-7B4A-46C3-A479-9F78B6044D32}
		{318F91F5-1A2F-40CF-BD85-01224A4CB3AA} = {A7A5008E-B260-428D-B138-391BE88A986C}
		{CDBAAE51-0702-4448-8B5F-5DE4D8CC682E} = {58709D7D-7B4A-46C3-A479-9F78B6044D32}
		{8F7291A6-3962-4919-AA9F-AA30ADBCEB15} = {CDBAAE51-0702-4448-8B5F-5DE4D8CC682E}
		{B68E6821-729E-40CD-AA90-FDB6E3FEE5BB} = {58709D7D-7B4A-46C3-A479-9F78B6044D32}
		{4396C36F-E389-4643-B92D-604D6CA886B2} = {B68E6821-729E-40CD-AA90-FDB6E3FEE5BB}
		{A4F77856-437A-4C16-A45C-197E228A11EC} = {58709D7D-7B4A-46C3-A479-9F78B6044D32}
		{AA4E37BC-A1A5-452B-8F84-FB491942457F} = {A4F77856-437A-4C16-A45C-197E228A11EC}
		{BFA684AA-3EBB-411E-9C07-89C833EBA399} = {58709D7D-7B4A-46C3-A479-9F78B6044D32}
		{471E83F9-BD5C-4A1D-8547-198EC9D472C3} = {BFA684AA-3EBB-411E-9C07-89C833EBA399}
		{C12F30CD-8B7B-4D96-8C8C-8A8D5C0B1E22} = {BFA684AA-3EBB-411E-9C07-89C833EBA399}
		{45065056-FB7E-4220-8B34-352B1BF08CD3} = {BFA684AA-3EBB-411E-9C07-89C833EBA399}
		{51276C55-7CEF-4C61-B4EA-4D0C6A49D86A} = {BFA684AA-3EBB-411E-9C07-89C833EBA399}
		{E9ACE67E-48D8-458B-B28D-ACABDB2D4243} = {58709D7D-7B4A-46C3-A479-9F78B6044D32}
		{6E3159A0-D3AB-452D-BE83-E0441C6911EE} = {E9ACE67E-48D8-458B-B28D-ACABDB2D4243}
		{C29CEDE2-E4C4-453F-A01C-4F7461274B5A} = {3750F666-4F05-41D1-99FE-E3235C494153}
	EndGlobalSection
	GlobalSection(ExtensibilityGlobals) = postSolution
		SolutionGuid = {1B7719B3-00D0-450E-AC1A-06BC22747343}
	EndGlobalSection
EndGlobal
